
Microsoft Visual Studio Solution File, Format Version 12.00
# Visual Studio Version 17
VisualStudioVersion = 17.0.31903.59
MinimumVisualStudioVersion = 10.0.40219.1
Project("{2150E333-8FDC-42A3-9474-1A3956D46DE8}") = "src", "src", "{827E0CD3-B72D-47B6-A68D-7590B98EB39B}"
EndProject
Project("{FAE04EC0-301F-11D3-BF4B-00C04F79EFBC}") = "NDIS.Domain", "src\NDIS.Domain\NDIS.Domain.csproj", "{0711A52D-255D-40CA-BB39-23B766C9509C}"
EndProject
Project("{FAE04EC0-301F-11D3-BF4B-00C04F79EFBC}") = "NDIS.Application", "src\NDIS.Application\NDIS.Application.csproj", "{E9934CCD-5B3E-4B41-9BE8-0E9AB1F3E252}"
EndProject
Project("{FAE04EC0-301F-11D3-BF4B-00C04F79EFBC}") = "NDIS.Contracts", "src\NDIS.Contracts\NDIS.Contracts.csproj", "{9198699E-2653-43A9-AF4C-43727D24E9F3}"
EndProject
Project("{FAE04EC0-301F-11D3-BF4B-00C04F79EFBC}") = "NDIS.Infrastructure", "src\NDIS.Infrastructure\NDIS.Infrastructure.csproj", "{38300CC7-EACB-40AD-B1D5-D197D39DDB99}"
EndProject
Project("{FAE04EC0-301F-11D3-BF4B-00C04F79EFBC}") = "NDIS.Api", "src\NDIS.Api\NDIS.Api.csproj", "{4FF16D8B-9FAE-423E-AA47-2D04B7C3B2FA}"
EndProject
Project("{FAE04EC0-301F-11D3-BF4B-00C04F79EFBC}") = "NDIS.AI", "src\NDIS.AI\NDIS.AI.csproj", "{FD60D04C-1378-4EC7-A791-CF25C05CB4C5}"
EndProject
Project("{2150E333-8FDC-42A3-9474-1A3956D46DE8}") = "tests", "tests", "{0AB3BF05-4346-4AA6-1389-037BE0695223}"
EndProject
Project("{FAE04EC0-301F-11D3-BF4B-00C04F79EFBC}") = "NDIS.Domain.Tests", "tests\NDIS.Domain.Tests\NDIS.Domain.Tests.csproj", "{2B46012E-2038-4B1F-8C95-E97441D7C01E}"
EndProject
Project("{FAE04EC0-301F-11D3-BF4B-00C04F79EFBC}") = "NDIS.Application.Tests", "tests\NDIS.Application.Tests\NDIS.Application.Tests.csproj", "{C9F69C28-A0E2-4F0F-9A1C-751FD24060BE}"
EndProject
Project("{FAE04EC0-301F-11D3-BF4B-00C04F79EFBC}") = "NDIS.Infrastructure.Tests", "tests\NDIS.Infrastructure.Tests\NDIS.Infrastructure.Tests.csproj", "{5E75AF0E-2CC6-4F1A-991F-88B370635F7A}"
EndProject
Project("{FAE04EC0-301F-11D3-BF4B-00C04F79EFBC}") = "NDIS.IntegrationTests", "tests\NDIS.IntegrationTests\NDIS.IntegrationTests.csproj", "{EE97E8E1-E3F1-4870-AF54-860CF4D48984}"
EndProject
Global
	GlobalSection(SolutionConfigurationPlatforms) = preSolution
		Debug|Any CPU = Debug|Any CPU
		Debug|x64 = Debug|x64
		Debug|x86 = Debug|x86
		Release|Any CPU = Release|Any CPU
		Release|x64 = Release|x64
		Release|x86 = Release|x86
	EndGlobalSection
	GlobalSection(ProjectConfigurationPlatforms) = postSolution
		{0711A52D-255D-40CA-BB39-23B766C9509C}.Debug|Any CPU.ActiveCfg = Debug|Any CPU
		{0711A52D-255D-40CA-BB39-23B766C9509C}.Debug|Any CPU.Build.0 = Debug|Any CPU
		{0711A52D-255D-40CA-BB39-23B766C9509C}.Debug|x64.ActiveCfg = Debug|Any CPU
		{0711A52D-255D-40CA-BB39-23B766C9509C}.Debug|x64.Build.0 = Debug|Any CPU
		{0711A52D-255D-40CA-BB39-23B766C9509C}.Debug|x86.ActiveCfg = Debug|Any CPU
		{0711A52D-255D-40CA-BB39-23B766C9509C}.Debug|x86.Build.0 = Debug|Any CPU
		{0711A52D-255D-40CA-BB39-23B766C9509C}.Release|Any CPU.ActiveCfg = Release|Any CPU
		{0711A52D-255D-40CA-BB39-23B766C9509C}.Release|Any CPU.Build.0 = Release|Any CPU
		{0711A52D-255D-40CA-BB39-23B766C9509C}.Release|x64.ActiveCfg = Release|Any CPU
		{0711A52D-255D-40CA-BB39-23B766C9509C}.Release|x64.Build.0 = Release|Any CPU
		{0711A52D-255D-40CA-BB39-23B766C9509C}.Release|x86.ActiveCfg = Release|Any CPU
		{0711A52D-255D-40CA-BB39-23B766C9509C}.Release|x86.Build.0 = Release|Any CPU
		{E9934CCD-5B3E-4B41-9BE8-0E9AB1F3E252}.Debug|Any CPU.ActiveCfg = Debug|Any CPU
		{E9934CCD-5B3E-4B41-9BE8-0E9AB1F3E252}.Debug|Any CPU.Build.0 = Debug|Any CPU
		{E9934CCD-5B3E-4B41-9BE8-0E9AB1F3E252}.Debug|x64.ActiveCfg = Debug|Any CPU
		{E9934CCD-5B3E-4B41-9BE8-0E9AB1F3E252}.Debug|x64.Build.0 = Debug|Any CPU
		{E9934CCD-5B3E-4B41-9BE8-0E9AB1F3E252}.Debug|x86.ActiveCfg = Debug|Any CPU
		{E9934CCD-5B3E-4B41-9BE8-0E9AB1F3E252}.Debug|x86.Build.0 = Debug|Any CPU
		{E9934CCD-5B3E-4B41-9BE8-0E9AB1F3E252}.Release|Any CPU.ActiveCfg = Release|Any CPU
		{E9934CCD-5B3E-4B41-9BE8-0E9AB1F3E252}.Release|Any CPU.Build.0 = Release|Any CPU
		{E9934CCD-5B3E-4B41-9BE8-0E9AB1F3E252}.Release|x64.ActiveCfg = Release|Any CPU
		{E9934CCD-5B3E-4B41-9BE8-0E9AB1F3E252}.Release|x64.Build.0 = Release|Any CPU
		{E9934CCD-5B3E-4B41-9BE8-0E9AB1F3E252}.Release|x86.ActiveCfg = Release|Any CPU
		{E9934CCD-5B3E-4B41-9BE8-0E9AB1F3E252}.Release|x86.Build.0 = Release|Any CPU
		{9198699E-2653-43A9-AF4C-43727D24E9F3}.Debug|Any CPU.ActiveCfg = Debug|Any CPU
		{9198699E-2653-43A9-AF4C-43727D24E9F3}.Debug|Any CPU.Build.0 = Debug|Any CPU
		{9198699E-2653-43A9-AF4C-43727D24E9F3}.Debug|x64.ActiveCfg = Debug|Any CPU
		{9198699E-2653-43A9-AF4C-43727D24E9F3}.Debug|x64.Build.0 = Debug|Any CPU
		{9198699E-2653-43A9-AF4C-43727D24E9F3}.Debug|x86.ActiveCfg = Debug|Any CPU
		{9198699E-2653-43A9-AF4C-43727D24E9F3}.Debug|x86.Build.0 = Debug|Any CPU
		{9198699E-2653-43A9-AF4C-43727D24E9F3}.Release|Any CPU.ActiveCfg = Release|Any CPU
		{9198699E-2653-43A9-AF4C-43727D24E9F3}.Release|Any CPU.Build.0 = Release|Any CPU
		{9198699E-2653-43A9-AF4C-43727D24E9F3}.Release|x64.ActiveCfg = Release|Any CPU
		{9198699E-2653-43A9-AF4C-43727D24E9F3}.Release|x64.Build.0 = Release|Any CPU
		{9198699E-2653-43A9-AF4C-43727D24E9F3}.Release|x86.ActiveCfg = Release|Any CPU
		{9198699E-2653-43A9-AF4C-43727D24E9F3}.Release|x86.Build.0 = Release|Any CPU
		{38300CC7-EACB-40AD-B1D5-D197D39DDB99}.Debug|Any CPU.ActiveCfg = Debug|Any CPU
		{38300CC7-EACB-40AD-B1D5-D197D39DDB99}.Debug|Any CPU.Build.0 = Debug|Any CPU
		{38300CC7-EACB-40AD-B1D5-D197D39DDB99}.Debug|x64.ActiveCfg = Debug|Any CPU
		{38300CC7-EACB-40AD-B1D5-D197D39DDB99}.Debug|x64.Build.0 = Debug|Any CPU
		{38300CC7-EACB-40AD-B1D5-D197D39DDB99}.Debug|x86.ActiveCfg = Debug|Any CPU
		{38300CC7-EACB-40AD-B1D5-D197D39DDB99}.Debug|x86.Build.0 = Debug|Any CPU
		{38300CC7-EACB-40AD-B1D5-D197D39DDB99}.Release|Any CPU.ActiveCfg = Release|Any CPU
		{38300CC7-EACB-40AD-B1D5-D197D39DDB99}.Release|Any CPU.Build.0 = Release|Any CPU
		{38300CC7-EACB-40AD-B1D5-D197D39DDB99}.Release|x64.ActiveCfg = Release|Any CPU
		{38300CC7-EACB-40AD-B1D5-D197D39DDB99}.Release|x64.Build.0 = Release|Any CPU
		{38300CC7-EACB-40AD-B1D5-D197D39DDB99}.Release|x86.ActiveCfg = Release|Any CPU
		{38300CC7-EACB-40AD-B1D5-D197D39DDB99}.Release|x86.Build.0 = Release|Any CPU
		{4FF16D8B-9FAE-423E-AA47-2D04B7C3B2FA}.Debug|Any CPU.ActiveCfg = Debug|Any CPU
		{4FF16D8B-9FAE-423E-AA47-2D04B7C3B2FA}.Debug|Any CPU.Build.0 = Debug|Any CPU
		{4FF16D8B-9FAE-423E-AA47-2D04B7C3B2FA}.Debug|x64.ActiveCfg = Debug|Any CPU
		{4FF16D8B-9FAE-423E-AA47-2D04B7C3B2FA}.Debug|x64.Build.0 = Debug|Any CPU
		{4FF16D8B-9FAE-423E-AA47-2D04B7C3B2FA}.Debug|x86.ActiveCfg = Debug|Any CPU
		{4FF16D8B-9FAE-423E-AA47-2D04B7C3B2FA}.Debug|x86.Build.0 = Debug|Any CPU
		{4FF16D8B-9FAE-423E-AA47-2D04B7C3B2FA}.Release|Any CPU.ActiveCfg = Release|Any CPU
		{4FF16D8B-9FAE-423E-AA47-2D04B7C3B2FA}.Release|Any CPU.Build.0 = Release|Any CPU
		{4FF16D8B-9FAE-423E-AA47-2D04B7C3B2FA}.Release|x64.ActiveCfg = Release|Any CPU
		{4FF16D8B-9FAE-423E-AA47-2D04B7C3B2FA}.Release|x64.Build.0 = Release|Any CPU
		{4FF16D8B-9FAE-423E-AA47-2D04B7C3B2FA}.Release|x86.ActiveCfg = Release|Any CPU
		{4FF16D8B-9FAE-423E-AA47-2D04B7C3B2FA}.Release|x86.Build.0 = Release|Any CPU
		{FD60D04C-1378-4EC7-A791-CF25C05CB4C5}.Debug|Any CPU.ActiveCfg = Debug|Any CPU
		{FD60D04C-1378-4EC7-A791-CF25C05CB4C5}.Debug|Any CPU.Build.0 = Debug|Any CPU
		{FD60D04C-1378-4EC7-A791-CF25C05CB4C5}.Debug|x64.ActiveCfg = Debug|Any CPU
		{FD60D04C-1378-4EC7-A791-CF25C05CB4C5}.Debug|x64.Build.0 = Debug|Any CPU
		{FD60D04C-1378-4EC7-A791-CF25C05CB4C5}.Debug|x86.ActiveCfg = Debug|Any CPU
		{FD60D04C-1378-4EC7-A791-CF25C05CB4C5}.Debug|x86.Build.0 = Debug|Any CPU
		{FD60D04C-1378-4EC7-A791-CF25C05CB4C5}.Release|Any CPU.ActiveCfg = Release|Any CPU
		{FD60D04C-1378-4EC7-A791-CF25C05CB4C5}.Release|Any CPU.Build.0 = Release|Any CPU
		{FD60D04C-1378-4EC7-A791-CF25C05CB4C5}.Release|x64.ActiveCfg = Release|Any CPU
		{FD60D04C-1378-4EC7-A791-CF25C05CB4C5}.Release|x64.Build.0 = Release|Any CPU
		{FD60D04C-1378-4EC7-A791-CF25C05CB4C5}.Release|x86.ActiveCfg = Release|Any CPU
		{FD60D04C-1378-4EC7-A791-CF25C05CB4C5}.Release|x86.Build.0 = Release|Any CPU
		{2B46012E-2038-4B1F-8C95-E97441D7C01E}.Debug|Any CPU.ActiveCfg = Debug|Any CPU
		{2B46012E-2038-4B1F-8C95-E97441D7C01E}.Debug|Any CPU.Build.0 = Debug|Any CPU
		{2B46012E-2038-4B1F-8C95-E97441D7C01E}.Debug|x64.ActiveCfg = Debug|Any CPU
		{2B46012E-2038-4B1F-8C95-E97441D7C01E}.Debug|x64.Build.0 = Debug|Any CPU
		{2B46012E-2038-4B1F-8C95-E97441D7C01E}.Debug|x86.ActiveCfg = Debug|Any CPU
		{2B46012E-2038-4B1F-8C95-E97441D7C01E}.Debug|x86.Build.0 = Debug|Any CPU
		{2B46012E-2038-4B1F-8C95-E97441D7C01E}.Release|Any CPU.ActiveCfg = Release|Any CPU
		{2B46012E-2038-4B1F-8C95-E97441D7C01E}.Release|Any CPU.Build.0 = Release|Any CPU
		{2B46012E-2038-4B1F-8C95-E97441D7C01E}.Release|x64.ActiveCfg = Release|Any CPU
		{2B46012E-2038-4B1F-8C95-E97441D7C01E}.Release|x64.Build.0 = Release|Any CPU
		{2B46012E-2038-4B1F-8C95-E97441D7C01E}.Release|x86.ActiveCfg = Release|Any CPU
		{2B46012E-2038-4B1F-8C95-E97441D7C01E}.Release|x86.Build.0 = Release|Any CPU
		{C9F69C28-A0E2-4F0F-9A1C-751FD24060BE}.Debug|Any CPU.ActiveCfg = Debug|Any CPU
		{C9F69C28-A0E2-4F0F-9A1C-751FD24060BE}.Debug|Any CPU.Build.0 = Debug|Any CPU
		{C9F69C28-A0E2-4F0F-9A1C-751FD24060BE}.Debug|x64.ActiveCfg = Debug|Any CPU
		{C9F69C28-A0E2-4F0F-9A1C-751FD24060BE}.Debug|x64.Build.0 = Debug|Any CPU
		{C9F69C28-A0E2-4F0F-9A1C-751FD24060BE}.Debug|x86.ActiveCfg = Debug|Any CPU
		{C9F69C28-A0E2-4F0F-9A1C-751FD24060BE}.Debug|x86.Build.0 = Debug|Any CPU
		{C9F69C28-A0E2-4F0F-9A1C-751FD24060BE}.Release|Any CPU.ActiveCfg = Release|Any CPU
		{C9F69C28-A0E2-4F0F-9A1C-751FD24060BE}.Release|Any CPU.Build.0 = Release|Any CPU
		{C9F69C28-A0E2-4F0F-9A1C-751FD24060BE}.Release|x64.ActiveCfg = Release|Any CPU
		{C9F69C28-A0E2-4F0F-9A1C-751FD24060BE}.Release|x64.Build.0 = Release|Any CPU
		{C9F69C28-A0E2-4F0F-9A1C-751FD24060BE}.Release|x86.ActiveCfg = Release|Any CPU
		{C9F69C28-A0E2-4F0F-9A1C-751FD24060BE}.Release|x86.Build.0 = Release|Any CPU
		{5E75AF0E-2CC6-4F1A-991F-88B370635F7A}.Debug|Any CPU.ActiveCfg = Debug|Any CPU
		{5E75AF0E-2CC6-4F1A-991F-88B370635F7A}.Debug|Any CPU.Build.0 = Debug|Any CPU
		{5E75AF0E-2CC6-4F1A-991F-88B370635F7A}.Debug|x64.ActiveCfg = Debug|Any CPU
		{5E75AF0E-2CC6-4F1A-991F-88B370635F7A}.Debug|x64.Build.0 = Debug|Any CPU
		{5E75AF0E-2CC6-4F1A-991F-88B370635F7A}.Debug|x86.ActiveCfg = Debug|Any CPU
		{5E75AF0E-2CC6-4F1A-991F-88B370635F7A}.Debug|x86.Build.0 = Debug|Any CPU
		{5E75AF0E-2CC6-4F1A-991F-88B370635F7A}.Release|Any CPU.ActiveCfg = Release|Any CPU
		{5E75AF0E-2CC6-4F1A-991F-88B370635F7A}.Release|Any CPU.Build.0 = Release|Any CPU
		{5E75AF0E-2CC6-4F1A-991F-88B370635F7A}.Release|x64.ActiveCfg = Release|Any CPU
		{5E75AF0E-2CC6-4F1A-991F-88B370635F7A}.Release|x64.Build.0 = Release|Any CPU
		{5E75AF0E-2CC6-4F1A-991F-88B370635F7A}.Release|x86.ActiveCfg = Release|Any CPU
		{5E75AF0E-2CC6-4F1A-991F-88B370635F7A}.Release|x86.Build.0 = Release|Any CPU
		{EE97E8E1-E3F1-4870-AF54-860CF4D48984}.Debug|Any CPU.ActiveCfg = Debug|Any CPU
		{EE97E8E1-E3F1-4870-AF54-860CF4D48984}.Debug|Any CPU.Build.0 = Debug|Any CPU
		{EE97E8E1-E3F1-4870-AF54-860CF4D48984}.Debug|x64.ActiveCfg = Debug|Any CPU
		{EE97E8E1-E3F1-4870-AF54-860CF4D48984}.Debug|x64.Build.0 = Debug|Any CPU
		{EE97E8E1-E3F1-4870-AF54-860CF4D48984}.Debug|x86.ActiveCfg = Debug|Any CPU
		{EE97E8E1-E3F1-4870-AF54-860CF4D48984}.Debug|x86.Build.0 = Debug|Any CPU
		{EE97E8E1-E3F1-4870-AF54-860CF4D48984}.Release|Any CPU.ActiveCfg = Release|Any CPU
		{EE97E8E1-E3F1-4870-AF54-860CF4D48984}.Release|Any CPU.Build.0 = Release|Any CPU
		{EE97E8E1-E3F1-4870-AF54-860CF4D48984}.Release|x64.ActiveCfg = Release|Any CPU
		{EE97E8E1-E3F1-4870-AF54-860CF4D48984}.Release|x64.Build.0 = Release|Any CPU
		{EE97E8E1-E3F1-4870-AF54-860CF4D48984}.Release|x86.ActiveCfg = Release|Any CPU
		{EE97E8E1-E3F1-4870-AF54-860CF4D48984}.Release|x86.Build.0 = Release|Any CPU
	EndGlobalSection
	GlobalSection(SolutionProperties) = preSolution
		HideSolutionNode = FALSE
	EndGlobalSection
	GlobalSection(NestedProjects) = preSolution
		{0711A52D-255D-40CA-BB39-23B766C9509C} = {827E0CD3-B72D-47B6-A68D-7590B98EB39B}
		{E9934CCD-5B3E-4B41-9BE8-0E9AB1F3E252} = {827E0CD3-B72D-47B6-A68D-7590B98EB39B}
		{9198699E-2653-43A9-AF4C-43727D24E9F3} = {827E0CD3-B72D-47B6-A68D-7590B98EB39B}
		{38300CC7-EACB-40AD-B1D5-D197D39DDB99} = {827E0CD3-B72D-47B6-A68D-7590B98EB39B}
		{4FF16D8B-9FAE-423E-AA47-2D04B7C3B2FA} = {827E0CD3-B72D-47B6-A68D-7590B98EB39B}
		{FD60D04C-1378-4EC7-A791-CF25C05CB4C5} = {827E0CD3-B72D-47B6-A68D-7590B98EB39B}
		{2B46012E-2038-4B1F-8C95-E97441D7C01E} = {0AB3BF05-4346-4AA6-1389-037BE0695223}
		{C9F69C28-A0E2-4F0F-9A1C-751FD24060BE} = {0AB3BF05-4346-4AA6-1389-037BE0695223}
		{5E75AF0E-2CC6-4F1A-991F-88B370635F7A} = {0AB3BF05-4346-4AA6-1389-037BE0695223}
		{EE97E8E1-E3F1-4870-AF54-860CF4D48984} = {0AB3BF05-4346-4AA6-1389-037BE0695223}
	EndGlobalSection
EndGlobal
